// !$*UTF8*$!
{
	archiveVersion = 1;
	classes = {
	};
	objectVersion = 48;
	objects = {

/* Begin PBXBuildFile section */
		1A651668223AFFEB0002CC88 /* AppDelegate.swift in Sources */ = {isa = PBXBuildFile; fileRef = 1A651667223AFFEB0002CC88 /* AppDelegate.swift */; };
		1A65166A223AFFEB0002CC88 /* ViewController.swift in Sources */ = {isa = PBXBuildFile; fileRef = 1A651669223AFFEB0002CC88 /* ViewController.swift */; };
		1A65166D223AFFEB0002CC88 /* Main.storyboard in Resources */ = {isa = PBXBuildFile; fileRef = 1A65166B223AFFEB0002CC88 /* Main.storyboard */; };
		1A65166F223AFFEB0002CC88 /* Assets.xcassets in Resources */ = {isa = PBXBuildFile; fileRef = 1A65166E223AFFEB0002CC88 /* Assets.xcassets */; };
		1A651672223AFFEB0002CC88 /* LaunchScreen.storyboard in Resources */ = {isa = PBXBuildFile; fileRef = 1A651670223AFFEB0002CC88 /* LaunchScreen.storyboard */; };
		1A65167D223AFFEB0002CC88 /* PauloLunaU2EP2Tests.swift in Sources */ = {isa = PBXBuildFile; fileRef = 1A65167C223AFFEB0002CC88 /* PauloLunaU2EP2Tests.swift */; };
		1A651688223AFFEB0002CC88 /* PauloLunaU2EP2UITests.swift in Sources */ = {isa = PBXBuildFile; fileRef = 1A651687223AFFEB0002CC88 /* PauloLunaU2EP2UITests.swift */; };
		1A65169A223B036E0002CC88 /* classA.swift in Sources */ = {isa = PBXBuildFile; fileRef = 1A651699223B036E0002CC88 /* classA.swift */; };
		1A65169C223B05810002CC88 /* classB.swift in Sources */ = {isa = PBXBuildFile; fileRef = 1A65169B223B05810002CC88 /* classB.swift */; };
		1A65169E223B06F20002CC88 /* classC.swift in Sources */ = {isa = PBXBuildFile; fileRef = 1A65169D223B06F20002CC88 /* classC.swift */; };
		1A65169F223B06F20002CC88 /* classC.swift in Sources */ = {isa = PBXBuildFile; fileRef = 1A65169D223B06F20002CC88 /* classC.swift */; };
		1A6516A0223B06F20002CC88 /* classC.swift in Sources */ = {isa = PBXBuildFile; fileRef = 1A65169D223B06F20002CC88 /* classC.swift */; };
		1A6516A2223B09330002CC88 /* classD.swift in Sources */ = {isa = PBXBuildFile; fileRef = 1A6516A1223B09330002CC88 /* classD.swift */; };
		1A6516A3223B09330002CC88 /* classD.swift in Sources */ = {isa = PBXBuildFile; fileRef = 1A6516A1223B09330002CC88 /* classD.swift */; };
		1A6516A4223B09330002CC88 /* classD.swift in Sources */ = {isa = PBXBuildFile; fileRef = 1A6516A1223B09330002CC88 /* classD.swift */; };
		1A6516A6223B0CD50002CC88 /* classE.swift in Sources */ = {isa = PBXBuildFile; fileRef = 1A6516A5223B0CD50002CC88 /* classE.swift */; };
		1A6516A7223B0CD50002CC88 /* classE.swift in Sources */ = {isa = PBXBuildFile; fileRef = 1A6516A5223B0CD50002CC88 /* classE.swift */; };
		1A6516A8223B0CD50002CC88 /* classE.swift in Sources */ = {isa = PBXBuildFile; fileRef = 1A6516A5223B0CD50002CC88 /* classE.swift */; };
/* End PBXBuildFile section */

/* Begin PBXContainerItemProxy section */
		1A651679223AFFEB0002CC88 /* PBXContainerItemProxy */ = {
			isa = PBXContainerItemProxy;
			containerPortal = 1A65165C223AFFEB0002CC88 /* Project object */;
			proxyType = 1;
			remoteGlobalIDString = 1A651663223AFFEB0002CC88;
			remoteInfo = PauloLunaU2EP2;
		};
		1A651684223AFFEB0002CC88 /* PBXContainerItemProxy */ = {
			isa = PBXContainerItemProxy;
			containerPortal = 1A65165C223AFFEB0002CC88 /* Project object */;
			proxyType = 1;
			remoteGlobalIDString = 1A651663223AFFEB0002CC88;
			remoteInfo = PauloLunaU2EP2;
		};
/* End PBXContainerItemProxy section */

/* Begin PBXFileReference section */
		1A651664223AFFEB0002CC88 /* PauloLunaU2EP2.app */ = {isa = PBXFileReference; explicitFileType = wrapper.application; includeInIndex = 0; path = PauloLunaU2EP2.app; sourceTree = BUILT_PRODUCTS_DIR; };
		1A651667223AFFEB0002CC88 /* AppDelegate.swift */ = {isa = PBXFileReference; lastKnownFileType = sourcecode.swift; path = AppDelegate.swift; sourceTree = "<group>"; };
		1A651669223AFFEB0002CC88 /* ViewController.swift */ = {isa = PBXFileReference; lastKnownFileType = sourcecode.swift; path = ViewController.swift; sourceTree = "<group>"; };
		1A65166C223AFFEB0002CC88 /* Base */ = {isa = PBXFileReference; lastKnownFileType = file.storyboard; name = Base; path = Base.lproj/Main.storyboard; sourceTree = "<group>"; };
		1A65166E223AFFEB0002CC88 /* Assets.xcassets */ = {isa = PBXFileReference; lastKnownFileType = folder.assetcatalog; path = Assets.xcassets; sourceTree = "<group>"; };
		1A651671223AFFEB0002CC88 /* Base */ = {isa = PBXFileReference; lastKnownFileType = file.storyboard; name = Base; path = Base.lproj/LaunchScreen.storyboard; sourceTree = "<group>"; };
		1A651673223AFFEB0002CC88 /* Info.plist */ = {isa = PBXFileReference; lastKnownFileType = text.plist.xml; path = Info.plist; sourceTree = "<group>"; };
		1A651678223AFFEB0002CC88 /* PauloLunaU2EP2Tests.xctest */ = {isa = PBXFileReference; explicitFileType = wrapper.cfbundle; includeInIndex = 0; path = PauloLunaU2EP2Tests.xctest; sourceTree = BUILT_PRODUCTS_DIR; };
		1A65167C223AFFEB0002CC88 /* PauloLunaU2EP2Tests.swift */ = {isa = PBXFileReference; lastKnownFileType = sourcecode.swift; path = PauloLunaU2EP2Tests.swift; sourceTree = "<group>"; };
		1A65167E223AFFEB0002CC88 /* Info.plist */ = {isa = PBXFileReference; lastKnownFileType = text.plist.xml; path = Info.plist; sourceTree = "<group>"; };
		1A651683223AFFEB0002CC88 /* PauloLunaU2EP2UITests.xctest */ = {isa = PBXFileReference; explicitFileType = wrapper.cfbundle; includeInIndex = 0; path = PauloLunaU2EP2UITests.xctest; sourceTree = BUILT_PRODUCTS_DIR; };
		1A651687223AFFEB0002CC88 /* PauloLunaU2EP2UITests.swift */ = {isa = PBXFileReference; lastKnownFileType = sourcecode.swift; path = PauloLunaU2EP2UITests.swift; sourceTree = "<group>"; };
		1A651689223AFFEB0002CC88 /* Info.plist */ = {isa = PBXFileReference; lastKnownFileType = text.plist.xml; path = Info.plist; sourceTree = "<group>"; };
		1A651699223B036E0002CC88 /* classA.swift */ = {isa = PBXFileReference; lastKnownFileType = sourcecode.swift; path = classA.swift; sourceTree = "<group>"; };
		1A65169B223B05810002CC88 /* classB.swift */ = {isa = PBXFileReference; lastKnownFileType = sourcecode.swift; path = classB.swift; sourceTree = "<group>"; };
		1A65169D223B06F20002CC88 /* classC.swift */ = {isa = PBXFileReference; lastKnownFileType = sourcecode.swift; path = classC.swift; sourceTree = "<group>"; };
		1A6516A1223B09330002CC88 /* classD.swift */ = {isa = PBXFileReference; lastKnownFileType = sourcecode.swift; path = classD.swift; sourceTree = "<group>"; };
		1A6516A5223B0CD50002CC88 /* classE.swift */ = {isa = PBXFileReference; lastKnownFileType = sourcecode.swift; path = classE.swift; sourceTree = "<group>"; };
/* End PBXFileReference section */

/* Begin PBXFrameworksBuildPhase section */
		1A651661223AFFEB0002CC88 /* Frameworks */ = {
			isa = PBXFrameworksBuildPhase;
			buildActionMask = 2147483647;
			files = (
			);
			runOnlyForDeploymentPostprocessing = 0;
		};
		1A651675223AFFEB0002CC88 /* Frameworks */ = {
			isa = PBXFrameworksBuildPhase;
			buildActionMask = 2147483647;
			files = (
			);
			runOnlyForDeploymentPostprocessing = 0;
		};
		1A651680223AFFEB0002CC88 /* Frameworks */ = {
			isa = PBXFrameworksBuildPhase;
			buildActionMask = 2147483647;
			files = (
			);
			runOnlyForDeploymentPostprocessing = 0;
		};
/* End PBXFrameworksBuildPhase section */

/* Begin PBXGroup section */
		1A65165B223AFFEB0002CC88 = {
			isa = PBXGroup;
			children = (
				1A651666223AFFEB0002CC88 /* PauloLunaU2EP2 */,
				1A65167B223AFFEB0002CC88 /* PauloLunaU2EP2Tests */,
				1A651686223AFFEB0002CC88 /* PauloLunaU2EP2UITests */,
				1A651665223AFFEB0002CC88 /* Products */,
			);
			sourceTree = "<group>";
		};
		1A651665223AFFEB0002CC88 /* Products */ = {
			isa = PBXGroup;
			children = (
				1A651664223AFFEB0002CC88 /* PauloLunaU2EP2.app */,
				1A651678223AFFEB0002CC88 /* PauloLunaU2EP2Tests.xctest */,
				1A651683223AFFEB0002CC88 /* PauloLunaU2EP2UITests.xctest */,
			);
			name = Products;
			sourceTree = "<group>";
		};
		1A651666223AFFEB0002CC88 /* PauloLunaU2EP2 */ = {
			isa = PBXGroup;
			children = (
				1A651667223AFFEB0002CC88 /* AppDelegate.swift */,
				1A651669223AFFEB0002CC88 /* ViewController.swift */,
				1A65166B223AFFEB0002CC88 /* Main.storyboard */,
				1A65166E223AFFEB0002CC88 /* Assets.xcassets */,
				1A651670223AFFEB0002CC88 /* LaunchScreen.storyboard */,
				1A651673223AFFEB0002CC88 /* Info.plist */,
				1A651699223B036E0002CC88 /* classA.swift */,
				1A65169B223B05810002CC88 /* classB.swift */,
				1A65169D223B06F20002CC88 /* classC.swift */,
				1A6516A1223B09330002CC88 /* classD.swift */,
				1A6516A5223B0CD50002CC88 /* classE.swift */,
			);
			path = PauloLunaU2EP2;
			sourceTree = "<group>";
		};
		1A65167B223AFFEB0002CC88 /* PauloLunaU2EP2Tests */ = {
			isa = PBXGroup;
			children = (
				1A65167C223AFFEB0002CC88 /* PauloLunaU2EP2Tests.swift */,
				1A65167E223AFFEB0002CC88 /* Info.plist */,
			);
			path = PauloLunaU2EP2Tests;
			sourceTree = "<group>";
		};
		1A651686223AFFEB0002CC88 /* PauloLunaU2EP2UITests */ = {
			isa = PBXGroup;
			children = (
				1A651687223AFFEB0002CC88 /* PauloLunaU2EP2UITests.swift */,
				1A651689223AFFEB0002CC88 /* Info.plist */,
			);
			path = PauloLunaU2EP2UITests;
			sourceTree = "<group>";
		};
/* End PBXGroup section */

/* Begin PBXNativeTarget section */
		1A651663223AFFEB0002CC88 /* PauloLunaU2EP2 */ = {
			isa = PBXNativeTarget;
			buildConfigurationList = 1A65168C223AFFEB0002CC88 /* Build configuration list for PBXNativeTarget "PauloLunaU2EP2" */;
			buildPhases = (
				1A651660223AFFEB0002CC88 /* Sources */,
				1A651661223AFFEB0002CC88 /* Frameworks */,
				1A651662223AFFEB0002CC88 /* Resources */,
			);
			buildRules = (
			);
			dependencies = (
			);
			name = PauloLunaU2EP2;
			productName = PauloLunaU2EP2;
			productReference = 1A651664223AFFEB0002CC88 /* PauloLunaU2EP2.app */;
			productType = "com.apple.product-type.application";
		};
		1A651677223AFFEB0002CC88 /* PauloLunaU2EP2Tests */ = {
			isa = PBXNativeTarget;
			buildConfigurationList = 1A65168F223AFFEB0002CC88 /* Build configuration list for PBXNativeTarget "PauloLunaU2EP2Tests" */;
			buildPhases = (
				1A651674223AFFEB0002CC88 /* Sources */,
				1A651675223AFFEB0002CC88 /* Frameworks */,
				1A651676223AFFEB0002CC88 /* Resources */,
			);
			buildRules = (
			);
			dependencies = (
				1A65167A223AFFEB0002CC88 /* PBXTargetDependency */,
			);
			name = PauloLunaU2EP2Tests;
			productName = PauloLunaU2EP2Tests;
			productReference = 1A651678223AFFEB0002CC88 /* PauloLunaU2EP2Tests.xctest */;
			productType = "com.apple.product-type.bundle.unit-test";
		};
		1A651682223AFFEB0002CC88 /* PauloLunaU2EP2UITests */ = {
			isa = PBXNativeTarget;
			buildConfigurationList = 1A651692223AFFEB0002CC88 /* Build configuration list for PBXNativeTarget "PauloLunaU2EP2UITests" */;
			buildPhases = (
				1A65167F223AFFEB0002CC88 /* Sources */,
				1A651680223AFFEB0002CC88 /* Frameworks */,
				1A651681223AFFEB0002CC88 /* Resources */,
			);
			buildRules = (
			);
			dependencies = (
				1A651685223AFFEB0002CC88 /* PBXTargetDependency */,
			);
			name = PauloLunaU2EP2UITests;
			productName = PauloLunaU2EP2UITests;
			productReference = 1A651683223AFFEB0002CC88 /* PauloLunaU2EP2UITests.xctest */;
			productType = "com.apple.product-type.bundle.ui-testing";
		};
/* End PBXNativeTarget section */

/* Begin PBXProject section */
		1A65165C223AFFEB0002CC88 /* Project object */ = {
			isa = PBXProject;
			attributes = {
				LastSwiftUpdateCheck = 0920;
				LastUpgradeCheck = 0920;
				ORGANIZATIONNAME = "Universidad Politecnica de Gómez Palacio";
				TargetAttributes = {
					1A651663223AFFEB0002CC88 = {
						CreatedOnToolsVersion = 9.2;
						ProvisioningStyle = Automatic;
					};
					1A651677223AFFEB0002CC88 = {
						CreatedOnToolsVersion = 9.2;
						ProvisioningStyle = Automatic;
						TestTargetID = 1A651663223AFFEB0002CC88;
					};
					1A651682223AFFEB0002CC88 = {
						CreatedOnToolsVersion = 9.2;
						ProvisioningStyle = Automatic;
						TestTargetID = 1A651663223AFFEB0002CC88;
					};
				};
			};
			buildConfigurationList = 1A65165F223AFFEB0002CC88 /* Build configuration list for PBXProject "PauloLunaU2EP2" */;
			compatibilityVersion = "Xcode 8.0";
			developmentRegion = en;
			hasScannedForEncodings = 0;
			knownRegions = (
				en,
				Base,
			);
			mainGroup = 1A65165B223AFFEB0002CC88;
			productRefGroup = 1A651665223AFFEB0002CC88 /* Products */;
			projectDirPath = "";
			projectRoot = "";
			targets = (
				1A651663223AFFEB0002CC88 /* PauloLunaU2EP2 */,
				1A651677223AFFEB0002CC88 /* PauloLunaU2EP2Tests */,
				1A651682223AFFEB0002CC88 /* PauloLunaU2EP2UITests */,
			);
		};
/* End PBXProject section */

/* Begin PBXResourcesBuildPhase section */
		1A651662223AFFEB0002CC88 /* Resources */ = {
			isa = PBXResourcesBuildPhase;
			buildActionMask = 2147483647;
			files = (
				1A651672223AFFEB0002CC88 /* LaunchScreen.storyboard in Resources */,
				1A65166F223AFFEB0002CC88 /* Assets.xcassets in Resources */,
				1A65166D223AFFEB0002CC88 /* Main.storyboard in Resources */,
			);
			runOnlyForDeploymentPostprocessing = 0;
		};
		1A651676223AFFEB0002CC88 /* Resources */ = {
			isa = PBXResourcesBuildPhase;
			buildActionMask = 2147483647;
			files = (
			);
			runOnlyForDeploymentPostprocessing = 0;
		};
		1A651681223AFFEB0002CC88 /* Resources */ = {
			isa = PBXResourcesBuildPhase;
			buildActionMask = 2147483647;
			files = (
			);
			runOnlyForDeploymentPostprocessing = 0;
		};
/* End PBXResourcesBuildPhase section */

/* Begin PBXSourcesBuildPhase section */
		1A651660223AFFEB0002CC88 /* Sources */ = {
			isa = PBXSourcesBuildPhase;
			buildActionMask = 2147483647;
			files = (
				1A65166A223AFFEB0002CC88 /* ViewController.swift in Sources */,
				1A6516A2223B09330002CC88 /* classD.swift in Sources */,
				1A65169A223B036E0002CC88 /* classA.swift in Sources */,
				1A651668223AFFEB0002CC88 /* AppDelegate.swift in Sources */,
				1A65169C223B05810002CC88 /* classB.swift in Sources */,
				1A65169E223B06F20002CC88 /* classC.swift in Sources */,
				1A6516A6223B0CD50002CC88 /* classE.swift in Sources */,
			);
			runOnlyForDeploymentPostprocessing = 0;
		};
		1A651674223AFFEB0002CC88 /* Sources */ = {
			isa = PBXSourcesBuildPhase;
			buildActionMask = 2147483647;
			files = (
				1A65169F223B06F20002CC88 /* classC.swift in Sources */,
				1A6516A3223B09330002CC88 /* classD.swift in Sources */,
				1A6516A7223B0CD50002CC88 /* classE.swift in Sources */,
				1A65167D223AFFEB0002CC88 /* PauloLunaU2EP2Tests.swift in Sources */,
			);
			runOnlyForDeploymentPostprocessing = 0;
		};
		1A65167F223AFFEB0002CC88 /* Sources */ = {
			isa = PBXSourcesBuildPhase;
			buildActionMask = 2147483647;
			files = (
				1A6516A0223B06F20002CC88 /* classC.swift in Sources */,
				1A6516A4223B09330002CC88 /* classD.swift in Sources */,
				1A6516A8223B0CD50002CC88 /* classE.swift in Sources */,
				1A651688223AFFEB0002CC88 /* PauloLunaU2EP2UITests.swift in Sources */,
			);
			runOnlyForDeploymentPostprocessing = 0;
		};
/* End PBXSourcesBuildPhase section */

/* Begin PBXTargetDependency section */
		1A65167A223AFFEB0002CC88 /* PBXTargetDependency */ = {
			isa = PBXTargetDependency;
			target = 1A651663223AFFEB0002CC88 /* PauloLunaU2EP2 */;
			targetProxy = 1A651679223AFFEB0002CC88 /* PBXContainerItemProxy */;
		};
		1A651685223AFFEB0002CC88 /* PBXTargetDependency */ = {
			isa = PBXTargetDependency;
			target = 1A651663223AFFEB0002CC88 /* PauloLunaU2EP2 */;
			targetProxy = 1A651684223AFFEB0002CC88 /* PBXContainerItemProxy */;
		};
/* End PBXTargetDependency section */

/* Begin PBXVariantGroup section */
		1A65166B223AFFEB0002CC88 /* Main.storyboard */ = {
			isa = PBXVariantGroup;
			children = (
				1A65166C223AFFEB0002CC88 /* Base */,
			);
			name = Main.storyboard;
			sourceTree = "<group>";
		};
		1A651670223AFFEB0002CC88 /* LaunchScreen.storyboard */ = {
			isa = PBXVariantGroup;
			children = (
				1A651671223AFFEB0002CC88 /* Base */,
			);
			name = LaunchScreen.storyboard;
			sourceTree = "<group>";
		};
/* End PBXVariantGroup section */

/* Begin XCBuildConfiguration section */
		1A65168A223AFFEB0002CC88 /* Debug */ = {
			isa = XCBuildConfiguration;
			buildSettings = {
				ALWAYS_SEARCH_USER_PATHS = NO;
				CLANG_ANALYZER_NONNULL = YES;
				CLANG_ANALYZER_NUMBER_OBJECT_CONVERSION = YES_AGGRESSIVE;
				CLANG_CXX_LANGUAGE_STANDARD = "gnu++14";
				CLANG_CXX_LIBRARY = "libc++";
				CLANG_ENABLE_MODULES = YES;
				CLANG_ENABLE_OBJC_ARC = YES;
				CLANG_WARN_BLOCK_CAPTURE_AUTORELEASING = YES;
				CLANG_WARN_BOOL_CONVERSION = YES;
				CLANG_WARN_COMMA = YES;
				CLANG_WARN_CONSTANT_CONVERSION = YES;
				CLANG_WARN_DIRECT_OBJC_ISA_USAGE = YES_ERROR;
				CLANG_WARN_DOCUMENTATION_COMMENTS = YES;
				CLANG_WARN_EMPTY_BODY = YES;
				CLANG_WARN_ENUM_CONVERSION = YES;
				CLANG_WARN_INFINITE_RECURSION = YES;
				CLANG_WARN_INT_CONVERSION = YES;
				CLANG_WARN_NON_LITERAL_NULL_CONVERSION = YES;
				CLANG_WARN_OBJC_LITERAL_CONVERSION = YES;
				CLANG_WARN_OBJC_ROOT_CLASS = YES_ERROR;
				CLANG_WARN_RANGE_LOOP_ANALYSIS = YES;
				CLANG_WARN_STRICT_PROTOTYPES = YES;
				CLANG_WARN_SUSPICIOUS_MOVE = YES;
				CLANG_WARN_UNGUARDED_AVAILABILITY = YES_AGGRESSIVE;
				CLANG_WARN_UNREACHABLE_CODE = YES;
				CLANG_WARN__DUPLICATE_METHOD_MATCH = YES;
				CODE_SIGN_IDENTITY = "iPhone Developer";
				COPY_PHASE_STRIP = NO;
				DEBUG_INFORMATION_FORMAT = dwarf;
				ENABLE_STRICT_OBJC_MSGSEND = YES;
				ENABLE_TESTABILITY = YES;
				GCC_C_LANGUAGE_STANDARD = gnu11;
				GCC_DYNAMIC_NO_PIC = NO;
				GCC_NO_COMMON_BLOCKS = YES;
				GCC_OPTIMIZATION_LEVEL = 0;
				GCC_PREPROCESSOR_DEFINITIONS = (
					"DEBUG=1",
					"$(inherited)",
				);
				GCC_WARN_64_TO_32_BIT_CONVERSION = YES;
				GCC_WARN_ABOUT_RETURN_TYPE = YES_ERROR;
				GCC_WARN_UNDECLARED_SELECTOR = YES;
				GCC_WARN_UNINITIALIZED_AUTOS = YES_AGGRESSIVE;
				GCC_WARN_UNUSED_FUNCTION = YES;
				GCC_WARN_UNUSED_VARIABLE = YES;
				IPHONEOS_DEPLOYMENT_TARGET = 11.2;
				MTL_ENABLE_DEBUG_INFO = YES;
				ONLY_ACTIVE_ARCH = YES;
				SDKROOT = iphoneos;
				SWIFT_ACTIVE_COMPILATION_CONDITIONS = DEBUG;
				SWIFT_OPTIMIZATION_LEVEL = "-Onone";
			};
			name = Debug;
		};
		1A65168B223AFFEB0002CC88 /* Release */ = {
			isa = XCBuildConfiguration;
			buildSettings = {
				ALWAYS_SEARCH_USER_PATHS = NO;
				CLANG_ANALYZER_NONNULL = YES;
				CLANG_ANALYZER_NUMBER_OBJECT_CONVERSION = YES_AGGRESSIVE;
				CLANG_CXX_LANGUAGE_STANDARD = "gnu++14";
				CLANG_CXX_LIBRARY = "libc++";
				CLANG_ENABLE_MODULES = YES;
				CLANG_ENABLE_OBJC_ARC = YES;
				CLANG_WARN_BLOCK_CAPTURE_AUTORELEASING = YES;
				CLANG_WARN_BOOL_CONVERSION = YES;
				CLANG_WARN_COMMA = YES;
				CLANG_WARN_CONSTANT_CONVERSION = YES;
				CLANG_WARN_DIRECT_OBJC_ISA_USAGE = YES_ERROR;
				CLANG_WARN_DOCUMENTATION_COMMENTS = YES;
				CLANG_WARN_EMPTY_BODY = YES;
				CLANG_WARN_ENUM_CONVERSION = YES;
				CLANG_WARN_INFINITE_RECURSION = YES;
				CLANG_WARN_INT_CONVERSION = YES;
				CLANG_WARN_NON_LITERAL_NULL_CONVERSION = YES;
				CLANG_WARN_OBJC_LITERAL_CONVERSION = YES;
				CLANG_WARN_OBJC_ROOT_CLASS = YES_ERROR;
				CLANG_WARN_RANGE_LOOP_ANALYSIS = YES;
				CLANG_WARN_STRICT_PROTOTYPES = YES;
				CLANG_WARN_SUSPICIOUS_MOVE = YES;
				CLANG_WARN_UNGUARDED_AVAILABILITY = YES_AGGRESSIVE;
				CLANG_WARN_UNREACHABLE_CODE = YES;
				CLANG_WARN__DUPLICATE_METHOD_MATCH = YES;
				CODE_SIGN_IDENTITY = "iPhone Developer";
				COPY_PHASE_STRIP = NO;
				DEBUG_INFORMATION_FORMAT = "dwarf-with-dsym";
				ENABLE_NS_ASSERTIONS = NO;
				ENABLE_STRICT_OBJC_MSGSEND = YES;
				GCC_C_LANGUAGE_STANDARD = gnu11;
				GCC_NO_COMMON_BLOCKS = YES;
				GCC_WARN_64_TO_32_BIT_CONVERSION = YES;
				GCC_WARN_ABOUT_RETURN_TYPE = YES_ERROR;
				GCC_WARN_UNDECLARED_SELECTOR = YES;
				GCC_WARN_UNINITIALIZED_AUTOS = YES_AGGRESSIVE;
				GCC_WARN_UNUSED_FUNCTION = YES;
				GCC_WARN_UNUSED_VARIABLE = YES;
				IPHONEOS_DEPLOYMENT_TARGET = 11.2;
				MTL_ENABLE_DEBUG_INFO = NO;
				SDKROOT = iphoneos;
				SWIFT_OPTIMIZATION_LEVEL = "-Owholemodule";
				VALIDATE_PRODUCT = YES;
			};
			name = Release;
		};
		1A65168D223AFFEB0002CC88 /* Debug */ = {
			isa = XCBuildConfiguration;
			buildSettings = {
				ASSETCATALOG_COMPILER_APPICON_NAME = AppIcon;
				CODE_SIGN_STYLE = Automatic;
				INFOPLIST_FILE = PauloLunaU2EP2/Info.plist;
				LD_RUNPATH_SEARCH_PATHS = "$(inherited) @executable_path/Frameworks";
				PRODUCT_BUNDLE_IDENTIFIER = upgop.PauloLunaU2EP2;
				PRODUCT_NAME = "$(TARGET_NAME)";
				SWIFT_VERSION = 4.0;
				TARGETED_DEVICE_FAMILY = "1,2";
			};
			name = Debug;
		};
		1A65168E223AFFEB0002CC88 /* Release */ = {
			isa = XCBuildConfiguration;
			buildSettings = {
				ASSETCATALOG_COMPILER_APPICON_NAME = AppIcon;
				CODE_SIGN_STYLE = Automatic;
				INFOPLIST_FILE = PauloLunaU2EP2/Info.plist;
				LD_RUNPATH_SEARCH_PATHS = "$(inherited) @executable_path/Frameworks";
				PRODUCT_BUNDLE_IDENTIFIER = upgop.PauloLunaU2EP2;
				PRODUCT_NAME = "$(TARGET_NAME)";
				SWIFT_VERSION = 4.0;
				TARGETED_DEVICE_FAMILY = "1,2";
			};
			name = Release;
		};
		1A651690223AFFEB0002CC88 /* Debug */ = {
			isa = XCBuildConfiguration;
			buildSettings = {
				ALWAYS_EMBED_SWIFT_STANDARD_LIBRARIES = YES;
				BUNDLE_LOADER = "$(TEST_HOST)";
				CODE_SIGN_STYLE = Automatic;
				INFOPLIST_FILE = PauloLunaU2EP2Tests/Info.plist;
				LD_RUNPATH_SEARCH_PATHS = "$(inherited) @executable_path/Frameworks @loader_path/Frameworks";
				PRODUCT_BUNDLE_IDENTIFIER = upgop.PauloLunaU2EP2Tests;
				PRODUCT_NAME = "$(TARGET_NAME)";
				SWIFT_VERSION = 4.0;
				TARGETED_DEVICE_FAMILY = "1,2";
				TEST_HOST = "$(BUILT_PRODUCTS_DIR)/PauloLunaU2EP2.app/PauloLunaU2EP2";
			};
			name = Debug;
		};
		1A651691223AFFEB0002CC88 /* Release */ = {
			isa = XCBuildConfiguration;
			buildSettings = {
				ALWAYS_EMBED_SWIFT_STANDARD_LIBRARIES = YES;
				BUNDLE_LOADER = "$(TEST_HOST)";
				CODE_SIGN_STYLE = Automatic;
				INFOPLIST_FILE = PauloLunaU2EP2Tests/Info.plist;
				LD_RUNPATH_SEARCH_PATHS = "$(inherited) @executable_path/Frameworks @loader_path/Frameworks";
				PRODUCT_BUNDLE_IDENTIFIER = upgop.PauloLunaU2EP2Tests;
				PRODUCT_NAME = "$(TARGET_NAME)";
				SWIFT_VERSION = 4.0;
				TARGETED_DEVICE_FAMILY = "1,2";
				TEST_HOST = "$(BUILT_PRODUCTS_DIR)/PauloLunaU2EP2.app/PauloLunaU2EP2";
			};
			name = Release;
		};
		1A651693223AFFEB0002CC88 /* Debug */ = {
			isa = XCBuildConfiguration;
			buildSettings = {
				ALWAYS_EMBED_SWIFT_STANDARD_LIBRARIES = YES;
				CODE_SIGN_STYLE = Automatic;
				INFOPLIST_FILE = PauloLunaU2EP2UITests/Info.plist;
				LD_RUNPATH_SEARCH_PATHS = "$(inherited) @executable_path/Frameworks @loader_path/Frameworks";
				PRODUCT_BUNDLE_IDENTIFIER = upgop.PauloLunaU2EP2UITests;
				PRODUCT_NAME = "$(TARGET_NAME)";
				SWIFT_VERSION = 4.0;
				TARGETED_DEVICE_FAMILY = "1,2";
				TEST_TARGET_NAME = PauloLunaU2EP2;
			};
			name = Debug;
		};
		1A651694223AFFEB0002CC88 /* Release */ = {
			isa = XCBuildConfiguration;
			buildSettings = {
				ALWAYS_EMBED_SWIFT_STANDARD_LIBRARIES = YES;
				CODE_SIGN_STYLE = Automatic;
				INFOPLIST_FILE = PauloLunaU2EP2UITests/Info.plist;
				LD_RUNPATH_SEARCH_PATHS = "$(inherited) @executable_path/Frameworks @loader_path/Frameworks";
				PRODUCT_BUNDLE_IDENTIFIER = upgop.PauloLunaU2EP2UITests;
				PRODUCT_NAME = "$(TARGET_NAME)";
				SWIFT_VERSION = 4.0;
				TARGETED_DEVICE_FAMILY = "1,2";
				TEST_TARGET_NAME = PauloLunaU2EP2;
			};
			name = Release;
		};
/* End XCBuildConfiguration section */

/* Begin XCConfigurationList section */
		1A65165F223AFFEB0002CC88 /* Build configuration list for PBXProject "PauloLunaU2EP2" */ = {
			isa = XCConfigurationList;
			buildConfigurations = (
				1A65168A223AFFEB0002CC88 /* Debug */,
				1A65168B223AFFEB0002CC88 /* Release */,
			);
			defaultConfigurationIsVisible = 0;
			defaultConfigurationName = Release;
		};
		1A65168C223AFFEB0002CC88 /* Build configuration list for PBXNativeTarget "PauloLunaU2EP2" */ = {
			isa = XCConfigurationList;
			buildConfigurations = (
				1A65168D223AFFEB0002CC88 /* Debug */,
				1A65168E223AFFEB0002CC88 /* Release */,
			);
			defaultConfigurationIsVisible = 0;
			defaultConfigurationName = Release;
		};
		1A65168F223AFFEB0002CC88 /* Build configuration list for PBXNativeTarget "PauloLunaU2EP2Tests" */ = {
			isa = XCConfigurationList;
			buildConfigurations = (
				1A651690223AFFEB0002CC88 /* Debug */,
				1A651691223AFFEB0002CC88 /* Release */,
			);
			defaultConfigurationIsVisible = 0;
			defaultConfigurationName = Release;
		};
		1A651692223AFFEB0002CC88 /* Build configuration list for PBXNativeTarget "PauloLunaU2EP2UITests" */ = {
			isa = XCConfigurationList;
			buildConfigurations = (
				1A651693223AFFEB0002CC88 /* Debug */,
				1A651694223AFFEB0002CC88 /* Release */,
			);
			defaultConfigurationIsVisible = 0;
			defaultConfigurationName = Release;
		};
/* End XCConfigurationList section */
	};
	rootObject = 1A65165C223AFFEB0002CC88 /* Project object */;
}
